
Microsoft Visual Studio Solution File, Format Version 12.00
# Visual Studio Version 17
VisualStudioVersion = 17.11.35303.130
MinimumVisualStudioVersion = 10.0.40219.1
Project("{9A19103F-16F7-4668-BE54-9A1E7A4F7556}") = "FizzBuzz", "FizzBuzz\FizzBuzz.csproj", "{347C36C6-A6A5-4C1F-956C-0C1A0013304F}"
EndProject
Project("{9A19103F-16F7-4668-BE54-9A1E7A4F7556}") = "BitwiseTwo", "BitwiseTwo\BitwiseTwo.csproj", "{07FB78A7-70C4-4D77-94EF-0337957C0E66}"
EndProject
Project("{9A19103F-16F7-4668-BE54-9A1E7A4F7556}") = "SuperIncreasing", "SuperIncreasing\SuperIncreasing.csproj", "{1907E547-85D3-46E3-ADC5-140339257636}"
EndProject
Project("{9A19103F-16F7-4668-BE54-9A1E7A4F7556}") = "AlphabetSearching", "AlphabetSearching\AlphabetSearching.csproj", "{931DBBA8-06A8-4DBE-AC64-40DB1245DB85}"
EndProject
Project("{9A19103F-16F7-4668-BE54-9A1E7A4F7556}") = "AlphabetSoup", "AlphabetSoup\AlphabetSoup.csproj", "{50B04345-B6EA-4155-88D6-5B4ED65DA8F5}"
EndProject
Project("{9A19103F-16F7-4668-BE54-9A1E7A4F7556}") = "SnakeCase", "SnakeCase\SnakeCase.csproj", "{9B0AAEC3-8C7D-4188-918B-9F482961769F}"
EndProject
Project("{9A19103F-16F7-4668-BE54-9A1E7A4F7556}") = "CamelCase", "CamelCase\CamelCase.csproj", "{4D0D6C78-6713-4E0B-9DE5-43CC81D61A14}"
EndProject
Project("{9A19103F-16F7-4668-BE54-9A1E7A4F7556}") = "FirstReverse", "FirstReverse\FirstReverse.csproj", "{2DE618DA-4BA5-4B03-9F56-76966186AF70}"
EndProject
Project("{9A19103F-16F7-4668-BE54-9A1E7A4F7556}") = "ConsanantCount", "ConsanantCount\ConsanantCount.csproj", "{9AB643CE-AF4F-4EDA-A4A2-5F045914EF7E}"
EndProject
Project("{9A19103F-16F7-4668-BE54-9A1E7A4F7556}") = "TwoSum", "TwoSum\TwoSum.csproj", "{94DE4449-1780-489E-BD94-96AA3361EAE5}"
EndProject
Project("{9A19103F-16F7-4668-BE54-9A1E7A4F7556}") = "SwapCase", "SwapCase\SwapCase.csproj", "{16C8681E-704C-42B0-90E2-E45773BE2958}"
EndProject
Project("{9A19103F-16F7-4668-BE54-9A1E7A4F7556}") = "PowerSetCount", "PowerSetCount\PowerSetCount.csproj", "{AB36728D-0736-4985-A0E9-2E2E82C5AE9C}"
EndProject
Project("{9A19103F-16F7-4668-BE54-9A1E7A4F7556}") = "HappyNumbers", "HappyNumbers\HappyNumbers.csproj", "{22DDC956-337F-4D24-93B2-F37167C81BE8}"
EndProject
Project("{9A19103F-16F7-4668-BE54-9A1E7A4F7556}") = "CheckNums", "CheckNums\CheckNums.csproj", "{07CEAF45-B744-4D32-B370-62ABA1A00FD4}"
EndProject
Project("{9A19103F-16F7-4668-BE54-9A1E7A4F7556}") = "Palindrome", "Palindrome\Palindrome.csproj", "{99D4BE73-2D4A-43CA-9F64-90603394F45E}"
EndProject
Project("{FAE04EC0-301F-11D3-BF4B-00C04F79EFBC}") = "SimpleEvens", "SimpleEvens\SimpleEvens.csproj", "{BF1C17B2-334A-43E2-9C2F-5C036189F4FB}"
EndProject
Project("{FAE04EC0-301F-11D3-BF4B-00C04F79EFBC}") = "ABCheck", "ABCheck\ABCheck.csproj", "{9DDA3B3E-2424-46ED-B0CC-5009C10159CB}"
EndProject
Global
	GlobalSection(SolutionConfigurationPlatforms) = preSolution
		Debug|Any CPU = Debug|Any CPU
		Release|Any CPU = Release|Any CPU
	EndGlobalSection
	GlobalSection(ProjectConfigurationPlatforms) = postSolution
		{347C36C6-A6A5-4C1F-956C-0C1A0013304F}.Debug|Any CPU.ActiveCfg = Debug|Any CPU
		{347C36C6-A6A5-4C1F-956C-0C1A0013304F}.Debug|Any CPU.Build.0 = Debug|Any CPU
		{347C36C6-A6A5-4C1F-956C-0C1A0013304F}.Release|Any CPU.ActiveCfg = Release|Any CPU
		{347C36C6-A6A5-4C1F-956C-0C1A0013304F}.Release|Any CPU.Build.0 = Release|Any CPU
		{07FB78A7-70C4-4D77-94EF-0337957C0E66}.Debug|Any CPU.ActiveCfg = Debug|Any CPU
		{07FB78A7-70C4-4D77-94EF-0337957C0E66}.Debug|Any CPU.Build.0 = Debug|Any CPU
		{07FB78A7-70C4-4D77-94EF-0337957C0E66}.Release|Any CPU.ActiveCfg = Release|Any CPU
		{07FB78A7-70C4-4D77-94EF-0337957C0E66}.Release|Any CPU.Build.0 = Release|Any CPU
		{1907E547-85D3-46E3-ADC5-140339257636}.Debug|Any CPU.ActiveCfg = Debug|Any CPU
		{1907E547-85D3-46E3-ADC5-140339257636}.Debug|Any CPU.Build.0 = Debug|Any CPU
		{1907E547-85D3-46E3-ADC5-140339257636}.Release|Any CPU.ActiveCfg = Release|Any CPU
		{1907E547-85D3-46E3-ADC5-140339257636}.Release|Any CPU.Build.0 = Release|Any CPU
		{931DBBA8-06A8-4DBE-AC64-40DB1245DB85}.Debug|Any CPU.ActiveCfg = Debug|Any CPU
		{931DBBA8-06A8-4DBE-AC64-40DB1245DB85}.Debug|Any CPU.Build.0 = Debug|Any CPU
		{931DBBA8-06A8-4DBE-AC64-40DB1245DB85}.Release|Any CPU.ActiveCfg = Release|Any CPU
		{931DBBA8-06A8-4DBE-AC64-40DB1245DB85}.Release|Any CPU.Build.0 = Release|Any CPU
		{50B04345-B6EA-4155-88D6-5B4ED65DA8F5}.Debug|Any CPU.ActiveCfg = Debug|Any CPU
		{50B04345-B6EA-4155-88D6-5B4ED65DA8F5}.Debug|Any CPU.Build.0 = Debug|Any CPU
		{50B04345-B6EA-4155-88D6-5B4ED65DA8F5}.Release|Any CPU.ActiveCfg = Release|Any CPU
		{50B04345-B6EA-4155-88D6-5B4ED65DA8F5}.Release|Any CPU.Build.0 = Release|Any CPU
		{9B0AAEC3-8C7D-4188-918B-9F482961769F}.Debug|Any CPU.ActiveCfg = Debug|Any CPU
		{9B0AAEC3-8C7D-4188-918B-9F482961769F}.Debug|Any CPU.Build.0 = Debug|Any CPU
		{9B0AAEC3-8C7D-4188-918B-9F482961769F}.Release|Any CPU.ActiveCfg = Release|Any CPU
		{9B0AAEC3-8C7D-4188-918B-9F482961769F}.Release|Any CPU.Build.0 = Release|Any CPU
		{4D0D6C78-6713-4E0B-9DE5-43CC81D61A14}.Debug|Any CPU.ActiveCfg = Debug|Any CPU
		{4D0D6C78-6713-4E0B-9DE5-43CC81D61A14}.Debug|Any CPU.Build.0 = Debug|Any CPU
		{4D0D6C78-6713-4E0B-9DE5-43CC81D61A14}.Release|Any CPU.ActiveCfg = Release|Any CPU
		{4D0D6C78-6713-4E0B-9DE5-43CC81D61A14}.Release|Any CPU.Build.0 = Release|Any CPU
		{2DE618DA-4BA5-4B03-9F56-76966186AF70}.Debug|Any CPU.ActiveCfg = Debug|Any CPU
		{2DE618DA-4BA5-4B03-9F56-76966186AF70}.Debug|Any CPU.Build.0 = Debug|Any CPU
		{2DE618DA-4BA5-4B03-9F56-76966186AF70}.Release|Any CPU.ActiveCfg = Release|Any CPU
		{2DE618DA-4BA5-4B03-9F56-76966186AF70}.Release|Any CPU.Build.0 = Release|Any CPU
		{9AB643CE-AF4F-4EDA-A4A2-5F045914EF7E}.Debug|Any CPU.ActiveCfg = Debug|Any CPU
		{9AB643CE-AF4F-4EDA-A4A2-5F045914EF7E}.Debug|Any CPU.Build.0 = Debug|Any CPU
		{9AB643CE-AF4F-4EDA-A4A2-5F045914EF7E}.Release|Any CPU.ActiveCfg = Release|Any CPU
		{9AB643CE-AF4F-4EDA-A4A2-5F045914EF7E}.Release|Any CPU.Build.0 = Release|Any CPU
		{94DE4449-1780-489E-BD94-96AA3361EAE5}.Debug|Any CPU.ActiveCfg = Debug|Any CPU
		{94DE4449-1780-489E-BD94-96AA3361EAE5}.Debug|Any CPU.Build.0 = Debug|Any CPU
		{94DE4449-1780-489E-BD94-96AA3361EAE5}.Release|Any CPU.ActiveCfg = Release|Any CPU
		{94DE4449-1780-489E-BD94-96AA3361EAE5}.Release|Any CPU.Build.0 = Release|Any CPU
		{16C8681E-704C-42B0-90E2-E45773BE2958}.Debug|Any CPU.ActiveCfg = Debug|Any CPU
		{16C8681E-704C-42B0-90E2-E45773BE2958}.Debug|Any CPU.Build.0 = Debug|Any CPU
		{16C8681E-704C-42B0-90E2-E45773BE2958}.Release|Any CPU.ActiveCfg = Release|Any CPU
		{16C8681E-704C-42B0-90E2-E45773BE2958}.Release|Any CPU.Build.0 = Release|Any CPU
		{AB36728D-0736-4985-A0E9-2E2E82C5AE9C}.Debug|Any CPU.ActiveCfg = Debug|Any CPU
		{AB36728D-0736-4985-A0E9-2E2E82C5AE9C}.Debug|Any CPU.Build.0 = Debug|Any CPU
		{AB36728D-0736-4985-A0E9-2E2E82C5AE9C}.Release|Any CPU.ActiveCfg = Release|Any CPU
		{AB36728D-0736-4985-A0E9-2E2E82C5AE9C}.Release|Any CPU.Build.0 = Release|Any CPU
		{22DDC956-337F-4D24-93B2-F37167C81BE8}.Debug|Any CPU.ActiveCfg = Debug|Any CPU
		{22DDC956-337F-4D24-93B2-F37167C81BE8}.Debug|Any CPU.Build.0 = Debug|Any CPU
		{22DDC956-337F-4D24-93B2-F37167C81BE8}.Release|Any CPU.ActiveCfg = Release|Any CPU
		{22DDC956-337F-4D24-93B2-F37167C81BE8}.Release|Any CPU.Build.0 = Release|Any CPU
		{07CEAF45-B744-4D32-B370-62ABA1A00FD4}.Debug|Any CPU.ActiveCfg = Debug|Any CPU
		{07CEAF45-B744-4D32-B370-62ABA1A00FD4}.Debug|Any CPU.Build.0 = Debug|Any CPU
		{07CEAF45-B744-4D32-B370-62ABA1A00FD4}.Release|Any CPU.ActiveCfg = Release|Any CPU
		{07CEAF45-B744-4D32-B370-62ABA1A00FD4}.Release|Any CPU.Build.0 = Release|Any CPU
		{99D4BE73-2D4A-43CA-9F64-90603394F45E}.Debug|Any CPU.ActiveCfg = Debug|Any CPU
		{99D4BE73-2D4A-43CA-9F64-90603394F45E}.Debug|Any CPU.Build.0 = Debug|Any CPU
		{99D4BE73-2D4A-43CA-9F64-90603394F45E}.Release|Any CPU.ActiveCfg = Release|Any CPU
		{99D4BE73-2D4A-43CA-9F64-90603394F45E}.Release|Any CPU.Build.0 = Release|Any CPU
		{BF1C17B2-334A-43E2-9C2F-5C036189F4FB}.Debug|Any CPU.ActiveCfg = Debug|Any CPU
		{BF1C17B2-334A-43E2-9C2F-5C036189F4FB}.Debug|Any CPU.Build.0 = Debug|Any CPU
		{BF1C17B2-334A-43E2-9C2F-5C036189F4FB}.Release|Any CPU.ActiveCfg = Release|Any CPU
		{BF1C17B2-334A-43E2-9C2F-5C036189F4FB}.Release|Any CPU.Build.0 = Release|Any CPU
		{9DDA3B3E-2424-46ED-B0CC-5009C10159CB}.Debug|Any CPU.ActiveCfg = Debug|Any CPU
		{9DDA3B3E-2424-46ED-B0CC-5009C10159CB}.Debug|Any CPU.Build.0 = Debug|Any CPU
		{9DDA3B3E-2424-46ED-B0CC-5009C10159CB}.Release|Any CPU.ActiveCfg = Release|Any CPU
		{9DDA3B3E-2424-46ED-B0CC-5009C10159CB}.Release|Any CPU.Build.0 = Release|Any CPU
	EndGlobalSection
	GlobalSection(SolutionProperties) = preSolution
		HideSolutionNode = FALSE
	EndGlobalSection
	GlobalSection(ExtensibilityGlobals) = postSolution
		SolutionGuid = {CD481C33-11C7-43DE-8247-86F27EF9EBA5}
	EndGlobalSection
EndGlobal
