
Microsoft Visual Studio Solution File, Format Version 12.00
# Visual Studio Version 17
VisualStudioVersion = 17.11.35303.130
MinimumVisualStudioVersion = 10.0.40219.1
Project("{9A19103F-16F7-4668-BE54-9A1E7A4F7556}") = "FizzBuzz", "FizzBuzz\FizzBuzz.csproj", "{347C36C6-A6A5-4C1F-956C-0C1A0013304F}"
EndProject
Project("{9A19103F-16F7-4668-BE54-9A1E7A4F7556}") = "BitwiseTwo", "BitwiseTwo\BitwiseTwo.csproj", "{07FB78A7-70C4-4D77-94EF-0337957C0E66}"
EndProject
Project("{9A19103F-16F7-4668-BE54-9A1E7A4F7556}") = "SuperIncreasing", "SuperIncreasing\SuperIncreasing.csproj", "{1907E547-85D3-46E3-ADC5-140339257636}"
EndProject
Project("{9A19103F-16F7-4668-BE54-9A1E7A4F7556}") = "AlphabetSearching", "AlphabetSearching\AlphabetSearching.csproj", "{931DBBA8-06A8-4DBE-AC64-40DB1245DB85}"
EndProject
Project("{9A19103F-16F7-4668-BE54-9A1E7A4F7556}") = "AlphabetSoup", "AlphabetSoup\AlphabetSoup.csproj", "{50B04345-B6EA-4155-88D6-5B4ED65DA8F5}"
EndProject
Project("{FAE04EC0-301F-11D3-BF4B-00C04F79EFBC}") = "SnakeCase", "SnakeCase\SnakeCase.csproj", "{9B0AAEC3-8C7D-4188-918B-9F482961769F}"
EndProject
Project("{FAE04EC0-301F-11D3-BF4B-00C04F79EFBC}") = "CamelCase", "CamelCase\CamelCase.csproj", "{4D0D6C78-6713-4E0B-9DE5-43CC81D61A14}"
EndProject
Global
	GlobalSection(SolutionConfigurationPlatforms) = preSolution
		Debug|Any CPU = Debug|Any CPU
		Release|Any CPU = Release|Any CPU
	EndGlobalSection
	GlobalSection(ProjectConfigurationPlatforms) = postSolution
		{347C36C6-A6A5-4C1F-956C-0C1A0013304F}.Debug|Any CPU.ActiveCfg = Debug|Any CPU
		{347C36C6-A6A5-4C1F-956C-0C1A0013304F}.Debug|Any CPU.Build.0 = Debug|Any CPU
		{347C36C6-A6A5-4C1F-956C-0C1A0013304F}.Release|Any CPU.ActiveCfg = Release|Any CPU
		{347C36C6-A6A5-4C1F-956C-0C1A0013304F}.Release|Any CPU.Build.0 = Release|Any CPU
		{07FB78A7-70C4-4D77-94EF-0337957C0E66}.Debug|Any CPU.ActiveCfg = Debug|Any CPU
		{07FB78A7-70C4-4D77-94EF-0337957C0E66}.Debug|Any CPU.Build.0 = Debug|Any CPU
		{07FB78A7-70C4-4D77-94EF-0337957C0E66}.Release|Any CPU.ActiveCfg = Release|Any CPU
		{07FB78A7-70C4-4D77-94EF-0337957C0E66}.Release|Any CPU.Build.0 = Release|Any CPU
		{1907E547-85D3-46E3-ADC5-140339257636}.Debug|Any CPU.ActiveCfg = Debug|Any CPU
		{1907E547-85D3-46E3-ADC5-140339257636}.Debug|Any CPU.Build.0 = Debug|Any CPU
		{1907E547-85D3-46E3-ADC5-140339257636}.Release|Any CPU.ActiveCfg = Release|Any CPU
		{1907E547-85D3-46E3-ADC5-140339257636}.Release|Any CPU.Build.0 = Release|Any CPU
		{931DBBA8-06A8-4DBE-AC64-40DB1245DB85}.Debug|Any CPU.ActiveCfg = Debug|Any CPU
		{931DBBA8-06A8-4DBE-AC64-40DB1245DB85}.Debug|Any CPU.Build.0 = Debug|Any CPU
		{931DBBA8-06A8-4DBE-AC64-40DB1245DB85}.Release|Any CPU.ActiveCfg = Release|Any CPU
		{931DBBA8-06A8-4DBE-AC64-40DB1245DB85}.Release|Any CPU.Build.0 = Release|Any CPU
		{50B04345-B6EA-4155-88D6-5B4ED65DA8F5}.Debug|Any CPU.ActiveCfg = Debug|Any CPU
		{50B04345-B6EA-4155-88D6-5B4ED65DA8F5}.Debug|Any CPU.Build.0 = Debug|Any CPU
		{50B04345-B6EA-4155-88D6-5B4ED65DA8F5}.Release|Any CPU.ActiveCfg = Release|Any CPU
		{50B04345-B6EA-4155-88D6-5B4ED65DA8F5}.Release|Any CPU.Build.0 = Release|Any CPU
		{9B0AAEC3-8C7D-4188-918B-9F482961769F}.Debug|Any CPU.ActiveCfg = Debug|Any CPU
		{9B0AAEC3-8C7D-4188-918B-9F482961769F}.Debug|Any CPU.Build.0 = Debug|Any CPU
		{9B0AAEC3-8C7D-4188-918B-9F482961769F}.Release|Any CPU.ActiveCfg = Release|Any CPU
		{9B0AAEC3-8C7D-4188-918B-9F482961769F}.Release|Any CPU.Build.0 = Release|Any CPU
		{4D0D6C78-6713-4E0B-9DE5-43CC81D61A14}.Debug|Any CPU.ActiveCfg = Debug|Any CPU
		{4D0D6C78-6713-4E0B-9DE5-43CC81D61A14}.Debug|Any CPU.Build.0 = Debug|Any CPU
		{4D0D6C78-6713-4E0B-9DE5-43CC81D61A14}.Release|Any CPU.ActiveCfg = Release|Any CPU
		{4D0D6C78-6713-4E0B-9DE5-43CC81D61A14}.Release|Any CPU.Build.0 = Release|Any CPU
	EndGlobalSection
	GlobalSection(SolutionProperties) = preSolution
		HideSolutionNode = FALSE
	EndGlobalSection
	GlobalSection(ExtensibilityGlobals) = postSolution
		SolutionGuid = {CD481C33-11C7-43DE-8247-86F27EF9EBA5}
	EndGlobalSection
EndGlobal
