
Microsoft Visual Studio Solution File, Format Version 12.00
# Visual Studio Version 17
VisualStudioVersion = 17.11.35303.130
MinimumVisualStudioVersion = 10.0.40219.1
Project("{9A19103F-16F7-4668-BE54-9A1E7A4F7556}") = "FizzBuzz", "FizzBuzz\FizzBuzz.csproj", "{347C36C6-A6A5-4C1F-956C-0C1A0013304F}"
EndProject
Project("{9A19103F-16F7-4668-BE54-9A1E7A4F7556}") = "BitwiseTwo", "BitwiseTwo\BitwiseTwo.csproj", "{07FB78A7-70C4-4D77-94EF-0337957C0E66}"
EndProject
Project("{9A19103F-16F7-4668-BE54-9A1E7A4F7556}") = "SuperIncreasing", "SuperIncreasing\SuperIncreasing.csproj", "{1907E547-85D3-46E3-ADC5-140339257636}"
EndProject
Project("{9A19103F-16F7-4668-BE54-9A1E7A4F7556}") = "AlphabetSearching", "AlphabetSearching\AlphabetSearching.csproj", "{931DBBA8-06A8-4DBE-AC64-40DB1245DB85}"
EndProject
Project("{9A19103F-16F7-4668-BE54-9A1E7A4F7556}") = "AlphabetSoup", "AlphabetSoup\AlphabetSoup.csproj", "{50B04345-B6EA-4155-88D6-5B4ED65DA8F5}"
EndProject
Project("{9A19103F-16F7-4668-BE54-9A1E7A4F7556}") = "SnakeCase", "SnakeCase\SnakeCase.csproj", "{9B0AAEC3-8C7D-4188-918B-9F482961769F}"
EndProject
Project("{9A19103F-16F7-4668-BE54-9A1E7A4F7556}") = "CamelCase", "CamelCase\CamelCase.csproj", "{4D0D6C78-6713-4E0B-9DE5-43CC81D61A14}"
EndProject
Project("{9A19103F-16F7-4668-BE54-9A1E7A4F7556}") = "FirstReverse", "FirstReverse\FirstReverse.csproj", "{2DE618DA-4BA5-4B03-9F56-76966186AF70}"
EndProject
Project("{9A19103F-16F7-4668-BE54-9A1E7A4F7556}") = "ConsanantCount", "ConsanantCount\ConsanantCount.csproj", "{9AB643CE-AF4F-4EDA-A4A2-5F045914EF7E}"
EndProject
Project("{9A19103F-16F7-4668-BE54-9A1E7A4F7556}") = "TwoSum", "TwoSum\TwoSum.csproj", "{94DE4449-1780-489E-BD94-96AA3361EAE5}"
EndProject
Project("{9A19103F-16F7-4668-BE54-9A1E7A4F7556}") = "SwapCase", "SwapCase\SwapCase.csproj", "{16C8681E-704C-42B0-90E2-E45773BE2958}"
EndProject
Project("{9A19103F-16F7-4668-BE54-9A1E7A4F7556}") = "PowerSetCount", "PowerSetCount\PowerSetCount.csproj", "{AB36728D-0736-4985-A0E9-2E2E82C5AE9C}"
EndProject
Project("{9A19103F-16F7-4668-BE54-9A1E7A4F7556}") = "HappyNumbers", "HappyNumbers\HappyNumbers.csproj", "{22DDC956-337F-4D24-93B2-F37167C81BE8}"
EndProject
Project("{9A19103F-16F7-4668-BE54-9A1E7A4F7556}") = "CheckNums", "CheckNums\CheckNums.csproj", "{07CEAF45-B744-4D32-B370-62ABA1A00FD4}"
EndProject
Project("{9A19103F-16F7-4668-BE54-9A1E7A4F7556}") = "Palindrome", "Palindrome\Palindrome.csproj", "{99D4BE73-2D4A-43CA-9F64-90603394F45E}"
EndProject
Project("{9A19103F-16F7-4668-BE54-9A1E7A4F7556}") = "SimpleEvens", "SimpleEvens\SimpleEvens.csproj", "{BF1C17B2-334A-43E2-9C2F-5C036189F4FB}"
EndProject
Project("{9A19103F-16F7-4668-BE54-9A1E7A4F7556}") = "ABCheck", "ABCheck\ABCheck.csproj", "{9DDA3B3E-2424-46ED-B0CC-5009C10159CB}"
EndProject
Project("{9A19103F-16F7-4668-BE54-9A1E7A4F7556}") = "NumberReverse", "NumberReverse\NumberReverse.csproj", "{B2152902-0EAE-4087-9EF2-BC876252F2A8}"
EndProject
Project("{9A19103F-16F7-4668-BE54-9A1E7A4F7556}") = "LetterCapitalize", "LetterCapitalize\LetterCapitalize.csproj", "{008DC6F4-3B12-4B02-A837-D795578583C7}"
EndProject
Project("{9A19103F-16F7-4668-BE54-9A1E7A4F7556}") = "DashInsert", "DashInsert\DashInsert.csproj", "{2C8D053C-2E9D-45BE-87FD-43D2579D4A7E}"
EndProject
Project("{FAE04EC0-301F-11D3-BF4B-00C04F79EFBC}") = "PowerOfTwo", "PowerOfTwo\PowerOfTwo.csproj", "{0A8A758D-7202-481C-8EC5-69AFB831B1FF}"
EndProject
Project("{FAE04EC0-301F-11D3-BF4B-00C04F79EFBC}") = "ArrayChallenge", "ArrayChallenge\ArrayChallenge.csproj", "{2C37AE12-882B-46D5-964E-3854C6DE7319}"
EndProject
Project("{FAE04EC0-301F-11D3-BF4B-00C04F79EFBC}") = "CodelandUsernameValidation", "CodelandUsernameValidation\CodelandUsernameValidation.csproj", "{939943AF-5D0F-4C5A-BBBB-4E12091A078B}"
EndProject
Project("{FAE04EC0-301F-11D3-BF4B-00C04F79EFBC}") = "MeanMode", "MeanMode\MeanMode.csproj", "{24DBB497-D593-4D2E-97F5-E204C37DC4E5}"
EndProject
Project("{FAE04EC0-301F-11D3-BF4B-00C04F79EFBC}") = "LargestPair", "LargestPair\LargestPair.csproj", "{B5D2B40D-1B29-4B99-811E-64D908C9CAB9}"
EndProject
Project("{FAE04EC0-301F-11D3-BF4B-00C04F79EFBC}") = "SecondGreatLow", "SecondGreatLow\SecondGreatLow.csproj", "{854CCE2F-9FC8-4ABE-9BD8-53F3DDA340C2}"
EndProject
Project("{FAE04EC0-301F-11D3-BF4B-00C04F79EFBC}") = "LongestWord", "LongestWord\LongestWord.csproj", "{8A3B99AC-8B01-49DE-AB86-D1847A7B0654}"
EndProject
Project("{FAE04EC0-301F-11D3-BF4B-00C04F79EFBC}") = "ExOh", "ExOh\ExOh.csproj", "{C97536C4-971F-4970-97BB-41C3C705B748}"
EndProject
Project("{FAE04EC0-301F-11D3-BF4B-00C04F79EFBC}") = "LargestFour", "LargestFour\LargestFour.csproj", "{6E8E744B-B395-4B43-9267-95333517C476}"
EndProject
Project("{FAE04EC0-301F-11D3-BF4B-00C04F79EFBC}") = "SimpleAdding", "SimpleAdding\SimpleAdding.csproj", "{4CE3D9B8-33FE-4594-B312-121E658F195D}"
EndProject
Project("{FAE04EC0-301F-11D3-BF4B-00C04F79EFBC}") = "VowelsCount", "VowelsCount\VowelsCount.csproj", "{CF858156-6134-4446-9F5F-94DFC843FD7E}"
EndProject
Project("{FAE04EC0-301F-11D3-BF4B-00C04F79EFBC}") = "SimpleSymbols", "SimpleSymbols\SimpleSymbols.csproj", "{3DD74EA7-FE1D-41A8-9469-1F61C99E2D47}"
EndProject
Project("{FAE04EC0-301F-11D3-BF4B-00C04F79EFBC}") = "FindIntersection", "FindIntersection\FindIntersection.csproj", "{229C2609-CAAE-4834-B8BF-16715B67FB04}"
EndProject
Project("{FAE04EC0-301F-11D3-BF4B-00C04F79EFBC}") = "BitwiseOne", "BitwiseOne\BitwiseOne.csproj", "{9CDC8CA5-FFBA-4C7D-BA91-7F15F63EA343}"
EndProject
Project("{FAE04EC0-301F-11D3-BF4B-00C04F79EFBC}") = "GCF", "GCF\GCF.csproj", "{B546EA42-CB80-4B97-B7DA-C19AFDEF5FAE}"
EndProject
Project("{FAE04EC0-301F-11D3-BF4B-00C04F79EFBC}") = "AdditivePersistence", "AdditivePersistence\AdditivePersistence.csproj", "{05C56E61-AC41-43F5-934F-7C3AEC1E7A69}"
EndProject
Project("{FAE04EC0-301F-11D3-BF4B-00C04F79EFBC}") = "ThreeNumbers", "ThreeNumbers\ThreeNumbers.csproj", "{DCBB24AD-DF12-4FE2-85F6-838319D74DBD}"
EndProject
Project("{FAE04EC0-301F-11D3-BF4B-00C04F79EFBC}") = "ThirdGreatest", "ThirdGreatest\ThirdGreatest.csproj", "{7F976568-6157-4542-ADA7-F8539AC037BA}"
EndProject
Project("{FAE04EC0-301F-11D3-BF4B-00C04F79EFBC}") = "NumberAddition", "NumberAddition\NumberAddition.csproj", "{D0A0CA77-8F5F-4D67-83E8-3DDA708FD1E6}"
EndProject
Project("{FAE04EC0-301F-11D3-BF4B-00C04F79EFBC}") = "WordCount", "WordCount\WordCount.csproj", "{2366CF22-FA40-4DFE-8907-8680B279803A}"
EndProject
Project("{FAE04EC0-301F-11D3-BF4B-00C04F79EFBC}") = "FormattedDivision", "FormattedDivision\FormattedDivision.csproj", "{3EAB2EA0-2E25-4D53-84C7-B2D2D8C27F00}"
EndProject
Project("{FAE04EC0-301F-11D3-BF4B-00C04F79EFBC}") = "RunLength", "RunLength\RunLength.csproj", "{C9508B32-6866-45B3-8211-22EBC6629F62}"
EndProject
Project("{FAE04EC0-301F-11D3-BF4B-00C04F79EFBC}") = "FibonacciChecker", "FibonacciChecker\FibonacciChecker.csproj", "{C235C1B0-B26B-4200-80BF-23A829F7816C}"
EndProject
Project("{FAE04EC0-301F-11D3-BF4B-00C04F79EFBC}") = "ThreeFiveMultiples", "ThreeFiveMultiples\ThreeFiveMultiples.csproj", "{6271BB3D-786A-4C72-A8E9-0A443AD9FDB0}"
EndProject
Project("{FAE04EC0-301F-11D3-BF4B-00C04F79EFBC}") = "Primes", "Primes\Primes.csproj", "{84E46FCD-89D6-46D7-8212-0776902A0AB0}"
EndProject
Project("{FAE04EC0-301F-11D3-BF4B-00C04F79EFBC}") = "MySqrt", "MySqrt\MySqrt.csproj", "{124AED19-834C-4A77-9987-9F6649298F53}"
EndProject
Project("{FAE04EC0-301F-11D3-BF4B-00C04F79EFBC}") = "PalindromeNumber", "PalindromeNumber\PalindromeNumber.csproj", "{01799860-3285-4519-A9D0-14BE6CDF7634}"
EndProject
Project("{FAE04EC0-301F-11D3-BF4B-00C04F79EFBC}") = "RomanToInteger", "RomanToInteger\RomanToInteger.csproj", "{D6358760-E89E-4040-BA6B-796A07958B85}"
EndProject
Project("{FAE04EC0-301F-11D3-BF4B-00C04F79EFBC}") = "LongestCommonPrefix", "LongestCommonPrefix\LongestCommonPrefix.csproj", "{7A1F80D9-A40B-45E6-8A5B-030A590AC376}"
EndProject
Project("{FAE04EC0-301F-11D3-BF4B-00C04F79EFBC}") = "ValidParantheses", "ValidParantheses\ValidParantheses.csproj", "{18EB6683-512B-4744-A1D5-1F40DF3D29A9}"
EndProject
Project("{FAE04EC0-301F-11D3-BF4B-00C04F79EFBC}") = "FindTheIndexOfString", "FindTheIndexOfString\FindTheIndexOfString.csproj", "{619214A5-2876-4227-B5CC-BFFA26E39663}"
EndProject
Project("{FAE04EC0-301F-11D3-BF4B-00C04F79EFBC}") = "SearchInsertPosition", "SearchInsertPosition\SearchInsertPosition.csproj", "{BC50DA5C-B722-471A-9A94-A122B4298161}"
EndProject
Project("{FAE04EC0-301F-11D3-BF4B-00C04F79EFBC}") = "LengthOfLastWord", "LengthOfLastWord\LengthOfLastWord.csproj", "{BCBAF875-8991-4D3F-AF6B-9153F6432875}"
EndProject
Global
	GlobalSection(SolutionConfigurationPlatforms) = preSolution
		Debug|Any CPU = Debug|Any CPU
		Release|Any CPU = Release|Any CPU
	EndGlobalSection
	GlobalSection(ProjectConfigurationPlatforms) = postSolution
		{347C36C6-A6A5-4C1F-956C-0C1A0013304F}.Debug|Any CPU.ActiveCfg = Debug|Any CPU
		{347C36C6-A6A5-4C1F-956C-0C1A0013304F}.Debug|Any CPU.Build.0 = Debug|Any CPU
		{347C36C6-A6A5-4C1F-956C-0C1A0013304F}.Release|Any CPU.ActiveCfg = Release|Any CPU
		{347C36C6-A6A5-4C1F-956C-0C1A0013304F}.Release|Any CPU.Build.0 = Release|Any CPU
		{07FB78A7-70C4-4D77-94EF-0337957C0E66}.Debug|Any CPU.ActiveCfg = Debug|Any CPU
		{07FB78A7-70C4-4D77-94EF-0337957C0E66}.Debug|Any CPU.Build.0 = Debug|Any CPU
		{07FB78A7-70C4-4D77-94EF-0337957C0E66}.Release|Any CPU.ActiveCfg = Release|Any CPU
		{07FB78A7-70C4-4D77-94EF-0337957C0E66}.Release|Any CPU.Build.0 = Release|Any CPU
		{1907E547-85D3-46E3-ADC5-140339257636}.Debug|Any CPU.ActiveCfg = Debug|Any CPU
		{1907E547-85D3-46E3-ADC5-140339257636}.Debug|Any CPU.Build.0 = Debug|Any CPU
		{1907E547-85D3-46E3-ADC5-140339257636}.Release|Any CPU.ActiveCfg = Release|Any CPU
		{1907E547-85D3-46E3-ADC5-140339257636}.Release|Any CPU.Build.0 = Release|Any CPU
		{931DBBA8-06A8-4DBE-AC64-40DB1245DB85}.Debug|Any CPU.ActiveCfg = Debug|Any CPU
		{931DBBA8-06A8-4DBE-AC64-40DB1245DB85}.Debug|Any CPU.Build.0 = Debug|Any CPU
		{931DBBA8-06A8-4DBE-AC64-40DB1245DB85}.Release|Any CPU.ActiveCfg = Release|Any CPU
		{931DBBA8-06A8-4DBE-AC64-40DB1245DB85}.Release|Any CPU.Build.0 = Release|Any CPU
		{50B04345-B6EA-4155-88D6-5B4ED65DA8F5}.Debug|Any CPU.ActiveCfg = Debug|Any CPU
		{50B04345-B6EA-4155-88D6-5B4ED65DA8F5}.Debug|Any CPU.Build.0 = Debug|Any CPU
		{50B04345-B6EA-4155-88D6-5B4ED65DA8F5}.Release|Any CPU.ActiveCfg = Release|Any CPU
		{50B04345-B6EA-4155-88D6-5B4ED65DA8F5}.Release|Any CPU.Build.0 = Release|Any CPU
		{9B0AAEC3-8C7D-4188-918B-9F482961769F}.Debug|Any CPU.ActiveCfg = Debug|Any CPU
		{9B0AAEC3-8C7D-4188-918B-9F482961769F}.Debug|Any CPU.Build.0 = Debug|Any CPU
		{9B0AAEC3-8C7D-4188-918B-9F482961769F}.Release|Any CPU.ActiveCfg = Release|Any CPU
		{9B0AAEC3-8C7D-4188-918B-9F482961769F}.Release|Any CPU.Build.0 = Release|Any CPU
		{4D0D6C78-6713-4E0B-9DE5-43CC81D61A14}.Debug|Any CPU.ActiveCfg = Debug|Any CPU
		{4D0D6C78-6713-4E0B-9DE5-43CC81D61A14}.Debug|Any CPU.Build.0 = Debug|Any CPU
		{4D0D6C78-6713-4E0B-9DE5-43CC81D61A14}.Release|Any CPU.ActiveCfg = Release|Any CPU
		{4D0D6C78-6713-4E0B-9DE5-43CC81D61A14}.Release|Any CPU.Build.0 = Release|Any CPU
		{2DE618DA-4BA5-4B03-9F56-76966186AF70}.Debug|Any CPU.ActiveCfg = Debug|Any CPU
		{2DE618DA-4BA5-4B03-9F56-76966186AF70}.Debug|Any CPU.Build.0 = Debug|Any CPU
		{2DE618DA-4BA5-4B03-9F56-76966186AF70}.Release|Any CPU.ActiveCfg = Release|Any CPU
		{2DE618DA-4BA5-4B03-9F56-76966186AF70}.Release|Any CPU.Build.0 = Release|Any CPU
		{9AB643CE-AF4F-4EDA-A4A2-5F045914EF7E}.Debug|Any CPU.ActiveCfg = Debug|Any CPU
		{9AB643CE-AF4F-4EDA-A4A2-5F045914EF7E}.Debug|Any CPU.Build.0 = Debug|Any CPU
		{9AB643CE-AF4F-4EDA-A4A2-5F045914EF7E}.Release|Any CPU.ActiveCfg = Release|Any CPU
		{9AB643CE-AF4F-4EDA-A4A2-5F045914EF7E}.Release|Any CPU.Build.0 = Release|Any CPU
		{94DE4449-1780-489E-BD94-96AA3361EAE5}.Debug|Any CPU.ActiveCfg = Debug|Any CPU
		{94DE4449-1780-489E-BD94-96AA3361EAE5}.Debug|Any CPU.Build.0 = Debug|Any CPU
		{94DE4449-1780-489E-BD94-96AA3361EAE5}.Release|Any CPU.ActiveCfg = Release|Any CPU
		{94DE4449-1780-489E-BD94-96AA3361EAE5}.Release|Any CPU.Build.0 = Release|Any CPU
		{16C8681E-704C-42B0-90E2-E45773BE2958}.Debug|Any CPU.ActiveCfg = Debug|Any CPU
		{16C8681E-704C-42B0-90E2-E45773BE2958}.Debug|Any CPU.Build.0 = Debug|Any CPU
		{16C8681E-704C-42B0-90E2-E45773BE2958}.Release|Any CPU.ActiveCfg = Release|Any CPU
		{16C8681E-704C-42B0-90E2-E45773BE2958}.Release|Any CPU.Build.0 = Release|Any CPU
		{AB36728D-0736-4985-A0E9-2E2E82C5AE9C}.Debug|Any CPU.ActiveCfg = Debug|Any CPU
		{AB36728D-0736-4985-A0E9-2E2E82C5AE9C}.Debug|Any CPU.Build.0 = Debug|Any CPU
		{AB36728D-0736-4985-A0E9-2E2E82C5AE9C}.Release|Any CPU.ActiveCfg = Release|Any CPU
		{AB36728D-0736-4985-A0E9-2E2E82C5AE9C}.Release|Any CPU.Build.0 = Release|Any CPU
		{22DDC956-337F-4D24-93B2-F37167C81BE8}.Debug|Any CPU.ActiveCfg = Debug|Any CPU
		{22DDC956-337F-4D24-93B2-F37167C81BE8}.Debug|Any CPU.Build.0 = Debug|Any CPU
		{22DDC956-337F-4D24-93B2-F37167C81BE8}.Release|Any CPU.ActiveCfg = Release|Any CPU
		{22DDC956-337F-4D24-93B2-F37167C81BE8}.Release|Any CPU.Build.0 = Release|Any CPU
		{07CEAF45-B744-4D32-B370-62ABA1A00FD4}.Debug|Any CPU.ActiveCfg = Debug|Any CPU
		{07CEAF45-B744-4D32-B370-62ABA1A00FD4}.Debug|Any CPU.Build.0 = Debug|Any CPU
		{07CEAF45-B744-4D32-B370-62ABA1A00FD4}.Release|Any CPU.ActiveCfg = Release|Any CPU
		{07CEAF45-B744-4D32-B370-62ABA1A00FD4}.Release|Any CPU.Build.0 = Release|Any CPU
		{99D4BE73-2D4A-43CA-9F64-90603394F45E}.Debug|Any CPU.ActiveCfg = Debug|Any CPU
		{99D4BE73-2D4A-43CA-9F64-90603394F45E}.Debug|Any CPU.Build.0 = Debug|Any CPU
		{99D4BE73-2D4A-43CA-9F64-90603394F45E}.Release|Any CPU.ActiveCfg = Release|Any CPU
		{99D4BE73-2D4A-43CA-9F64-90603394F45E}.Release|Any CPU.Build.0 = Release|Any CPU
		{BF1C17B2-334A-43E2-9C2F-5C036189F4FB}.Debug|Any CPU.ActiveCfg = Debug|Any CPU
		{BF1C17B2-334A-43E2-9C2F-5C036189F4FB}.Debug|Any CPU.Build.0 = Debug|Any CPU
		{BF1C17B2-334A-43E2-9C2F-5C036189F4FB}.Release|Any CPU.ActiveCfg = Release|Any CPU
		{BF1C17B2-334A-43E2-9C2F-5C036189F4FB}.Release|Any CPU.Build.0 = Release|Any CPU
		{9DDA3B3E-2424-46ED-B0CC-5009C10159CB}.Debug|Any CPU.ActiveCfg = Debug|Any CPU
		{9DDA3B3E-2424-46ED-B0CC-5009C10159CB}.Debug|Any CPU.Build.0 = Debug|Any CPU
		{9DDA3B3E-2424-46ED-B0CC-5009C10159CB}.Release|Any CPU.ActiveCfg = Release|Any CPU
		{9DDA3B3E-2424-46ED-B0CC-5009C10159CB}.Release|Any CPU.Build.0 = Release|Any CPU
		{B2152902-0EAE-4087-9EF2-BC876252F2A8}.Debug|Any CPU.ActiveCfg = Debug|Any CPU
		{B2152902-0EAE-4087-9EF2-BC876252F2A8}.Debug|Any CPU.Build.0 = Debug|Any CPU
		{B2152902-0EAE-4087-9EF2-BC876252F2A8}.Release|Any CPU.ActiveCfg = Release|Any CPU
		{B2152902-0EAE-4087-9EF2-BC876252F2A8}.Release|Any CPU.Build.0 = Release|Any CPU
		{008DC6F4-3B12-4B02-A837-D795578583C7}.Debug|Any CPU.ActiveCfg = Debug|Any CPU
		{008DC6F4-3B12-4B02-A837-D795578583C7}.Debug|Any CPU.Build.0 = Debug|Any CPU
		{008DC6F4-3B12-4B02-A837-D795578583C7}.Release|Any CPU.ActiveCfg = Release|Any CPU
		{008DC6F4-3B12-4B02-A837-D795578583C7}.Release|Any CPU.Build.0 = Release|Any CPU
		{2C8D053C-2E9D-45BE-87FD-43D2579D4A7E}.Debug|Any CPU.ActiveCfg = Debug|Any CPU
		{2C8D053C-2E9D-45BE-87FD-43D2579D4A7E}.Debug|Any CPU.Build.0 = Debug|Any CPU
		{2C8D053C-2E9D-45BE-87FD-43D2579D4A7E}.Release|Any CPU.ActiveCfg = Release|Any CPU
		{2C8D053C-2E9D-45BE-87FD-43D2579D4A7E}.Release|Any CPU.Build.0 = Release|Any CPU
		{0A8A758D-7202-481C-8EC5-69AFB831B1FF}.Debug|Any CPU.ActiveCfg = Debug|Any CPU
		{0A8A758D-7202-481C-8EC5-69AFB831B1FF}.Debug|Any CPU.Build.0 = Debug|Any CPU
		{0A8A758D-7202-481C-8EC5-69AFB831B1FF}.Release|Any CPU.ActiveCfg = Release|Any CPU
		{0A8A758D-7202-481C-8EC5-69AFB831B1FF}.Release|Any CPU.Build.0 = Release|Any CPU
		{2C37AE12-882B-46D5-964E-3854C6DE7319}.Debug|Any CPU.ActiveCfg = Debug|Any CPU
		{2C37AE12-882B-46D5-964E-3854C6DE7319}.Debug|Any CPU.Build.0 = Debug|Any CPU
		{2C37AE12-882B-46D5-964E-3854C6DE7319}.Release|Any CPU.ActiveCfg = Release|Any CPU
		{2C37AE12-882B-46D5-964E-3854C6DE7319}.Release|Any CPU.Build.0 = Release|Any CPU
		{939943AF-5D0F-4C5A-BBBB-4E12091A078B}.Debug|Any CPU.ActiveCfg = Debug|Any CPU
		{939943AF-5D0F-4C5A-BBBB-4E12091A078B}.Debug|Any CPU.Build.0 = Debug|Any CPU
		{939943AF-5D0F-4C5A-BBBB-4E12091A078B}.Release|Any CPU.ActiveCfg = Release|Any CPU
		{939943AF-5D0F-4C5A-BBBB-4E12091A078B}.Release|Any CPU.Build.0 = Release|Any CPU
		{24DBB497-D593-4D2E-97F5-E204C37DC4E5}.Debug|Any CPU.ActiveCfg = Debug|Any CPU
		{24DBB497-D593-4D2E-97F5-E204C37DC4E5}.Debug|Any CPU.Build.0 = Debug|Any CPU
		{24DBB497-D593-4D2E-97F5-E204C37DC4E5}.Release|Any CPU.ActiveCfg = Release|Any CPU
		{24DBB497-D593-4D2E-97F5-E204C37DC4E5}.Release|Any CPU.Build.0 = Release|Any CPU
		{B5D2B40D-1B29-4B99-811E-64D908C9CAB9}.Debug|Any CPU.ActiveCfg = Debug|Any CPU
		{B5D2B40D-1B29-4B99-811E-64D908C9CAB9}.Debug|Any CPU.Build.0 = Debug|Any CPU
		{B5D2B40D-1B29-4B99-811E-64D908C9CAB9}.Release|Any CPU.ActiveCfg = Release|Any CPU
		{B5D2B40D-1B29-4B99-811E-64D908C9CAB9}.Release|Any CPU.Build.0 = Release|Any CPU
		{854CCE2F-9FC8-4ABE-9BD8-53F3DDA340C2}.Debug|Any CPU.ActiveCfg = Debug|Any CPU
		{854CCE2F-9FC8-4ABE-9BD8-53F3DDA340C2}.Debug|Any CPU.Build.0 = Debug|Any CPU
		{854CCE2F-9FC8-4ABE-9BD8-53F3DDA340C2}.Release|Any CPU.ActiveCfg = Release|Any CPU
		{854CCE2F-9FC8-4ABE-9BD8-53F3DDA340C2}.Release|Any CPU.Build.0 = Release|Any CPU
		{8A3B99AC-8B01-49DE-AB86-D1847A7B0654}.Debug|Any CPU.ActiveCfg = Debug|Any CPU
		{8A3B99AC-8B01-49DE-AB86-D1847A7B0654}.Debug|Any CPU.Build.0 = Debug|Any CPU
		{8A3B99AC-8B01-49DE-AB86-D1847A7B0654}.Release|Any CPU.ActiveCfg = Release|Any CPU
		{8A3B99AC-8B01-49DE-AB86-D1847A7B0654}.Release|Any CPU.Build.0 = Release|Any CPU
		{C97536C4-971F-4970-97BB-41C3C705B748}.Debug|Any CPU.ActiveCfg = Debug|Any CPU
		{C97536C4-971F-4970-97BB-41C3C705B748}.Debug|Any CPU.Build.0 = Debug|Any CPU
		{C97536C4-971F-4970-97BB-41C3C705B748}.Release|Any CPU.ActiveCfg = Release|Any CPU
		{C97536C4-971F-4970-97BB-41C3C705B748}.Release|Any CPU.Build.0 = Release|Any CPU
		{6E8E744B-B395-4B43-9267-95333517C476}.Debug|Any CPU.ActiveCfg = Debug|Any CPU
		{6E8E744B-B395-4B43-9267-95333517C476}.Debug|Any CPU.Build.0 = Debug|Any CPU
		{6E8E744B-B395-4B43-9267-95333517C476}.Release|Any CPU.ActiveCfg = Release|Any CPU
		{6E8E744B-B395-4B43-9267-95333517C476}.Release|Any CPU.Build.0 = Release|Any CPU
		{4CE3D9B8-33FE-4594-B312-121E658F195D}.Debug|Any CPU.ActiveCfg = Debug|Any CPU
		{4CE3D9B8-33FE-4594-B312-121E658F195D}.Debug|Any CPU.Build.0 = Debug|Any CPU
		{4CE3D9B8-33FE-4594-B312-121E658F195D}.Release|Any CPU.ActiveCfg = Release|Any CPU
		{4CE3D9B8-33FE-4594-B312-121E658F195D}.Release|Any CPU.Build.0 = Release|Any CPU
		{CF858156-6134-4446-9F5F-94DFC843FD7E}.Debug|Any CPU.ActiveCfg = Debug|Any CPU
		{CF858156-6134-4446-9F5F-94DFC843FD7E}.Debug|Any CPU.Build.0 = Debug|Any CPU
		{CF858156-6134-4446-9F5F-94DFC843FD7E}.Release|Any CPU.ActiveCfg = Release|Any CPU
		{CF858156-6134-4446-9F5F-94DFC843FD7E}.Release|Any CPU.Build.0 = Release|Any CPU
		{3DD74EA7-FE1D-41A8-9469-1F61C99E2D47}.Debug|Any CPU.ActiveCfg = Debug|Any CPU
		{3DD74EA7-FE1D-41A8-9469-1F61C99E2D47}.Debug|Any CPU.Build.0 = Debug|Any CPU
		{3DD74EA7-FE1D-41A8-9469-1F61C99E2D47}.Release|Any CPU.ActiveCfg = Release|Any CPU
		{3DD74EA7-FE1D-41A8-9469-1F61C99E2D47}.Release|Any CPU.Build.0 = Release|Any CPU
		{229C2609-CAAE-4834-B8BF-16715B67FB04}.Debug|Any CPU.ActiveCfg = Debug|Any CPU
		{229C2609-CAAE-4834-B8BF-16715B67FB04}.Debug|Any CPU.Build.0 = Debug|Any CPU
		{229C2609-CAAE-4834-B8BF-16715B67FB04}.Release|Any CPU.ActiveCfg = Release|Any CPU
		{229C2609-CAAE-4834-B8BF-16715B67FB04}.Release|Any CPU.Build.0 = Release|Any CPU
		{9CDC8CA5-FFBA-4C7D-BA91-7F15F63EA343}.Debug|Any CPU.ActiveCfg = Debug|Any CPU
		{9CDC8CA5-FFBA-4C7D-BA91-7F15F63EA343}.Debug|Any CPU.Build.0 = Debug|Any CPU
		{9CDC8CA5-FFBA-4C7D-BA91-7F15F63EA343}.Release|Any CPU.ActiveCfg = Release|Any CPU
		{9CDC8CA5-FFBA-4C7D-BA91-7F15F63EA343}.Release|Any CPU.Build.0 = Release|Any CPU
		{B546EA42-CB80-4B97-B7DA-C19AFDEF5FAE}.Debug|Any CPU.ActiveCfg = Debug|Any CPU
		{B546EA42-CB80-4B97-B7DA-C19AFDEF5FAE}.Debug|Any CPU.Build.0 = Debug|Any CPU
		{B546EA42-CB80-4B97-B7DA-C19AFDEF5FAE}.Release|Any CPU.ActiveCfg = Release|Any CPU
		{B546EA42-CB80-4B97-B7DA-C19AFDEF5FAE}.Release|Any CPU.Build.0 = Release|Any CPU
		{05C56E61-AC41-43F5-934F-7C3AEC1E7A69}.Debug|Any CPU.ActiveCfg = Debug|Any CPU
		{05C56E61-AC41-43F5-934F-7C3AEC1E7A69}.Debug|Any CPU.Build.0 = Debug|Any CPU
		{05C56E61-AC41-43F5-934F-7C3AEC1E7A69}.Release|Any CPU.ActiveCfg = Release|Any CPU
		{05C56E61-AC41-43F5-934F-7C3AEC1E7A69}.Release|Any CPU.Build.0 = Release|Any CPU
		{DCBB24AD-DF12-4FE2-85F6-838319D74DBD}.Debug|Any CPU.ActiveCfg = Debug|Any CPU
		{DCBB24AD-DF12-4FE2-85F6-838319D74DBD}.Debug|Any CPU.Build.0 = Debug|Any CPU
		{DCBB24AD-DF12-4FE2-85F6-838319D74DBD}.Release|Any CPU.ActiveCfg = Release|Any CPU
		{DCBB24AD-DF12-4FE2-85F6-838319D74DBD}.Release|Any CPU.Build.0 = Release|Any CPU
		{7F976568-6157-4542-ADA7-F8539AC037BA}.Debug|Any CPU.ActiveCfg = Debug|Any CPU
		{7F976568-6157-4542-ADA7-F8539AC037BA}.Debug|Any CPU.Build.0 = Debug|Any CPU
		{7F976568-6157-4542-ADA7-F8539AC037BA}.Release|Any CPU.ActiveCfg = Release|Any CPU
		{7F976568-6157-4542-ADA7-F8539AC037BA}.Release|Any CPU.Build.0 = Release|Any CPU
		{D0A0CA77-8F5F-4D67-83E8-3DDA708FD1E6}.Debug|Any CPU.ActiveCfg = Debug|Any CPU
		{D0A0CA77-8F5F-4D67-83E8-3DDA708FD1E6}.Debug|Any CPU.Build.0 = Debug|Any CPU
		{D0A0CA77-8F5F-4D67-83E8-3DDA708FD1E6}.Release|Any CPU.ActiveCfg = Release|Any CPU
		{D0A0CA77-8F5F-4D67-83E8-3DDA708FD1E6}.Release|Any CPU.Build.0 = Release|Any CPU
		{2366CF22-FA40-4DFE-8907-8680B279803A}.Debug|Any CPU.ActiveCfg = Debug|Any CPU
		{2366CF22-FA40-4DFE-8907-8680B279803A}.Debug|Any CPU.Build.0 = Debug|Any CPU
		{2366CF22-FA40-4DFE-8907-8680B279803A}.Release|Any CPU.ActiveCfg = Release|Any CPU
		{2366CF22-FA40-4DFE-8907-8680B279803A}.Release|Any CPU.Build.0 = Release|Any CPU
		{3EAB2EA0-2E25-4D53-84C7-B2D2D8C27F00}.Debug|Any CPU.ActiveCfg = Debug|Any CPU
		{3EAB2EA0-2E25-4D53-84C7-B2D2D8C27F00}.Debug|Any CPU.Build.0 = Debug|Any CPU
		{3EAB2EA0-2E25-4D53-84C7-B2D2D8C27F00}.Release|Any CPU.ActiveCfg = Release|Any CPU
		{3EAB2EA0-2E25-4D53-84C7-B2D2D8C27F00}.Release|Any CPU.Build.0 = Release|Any CPU
		{C9508B32-6866-45B3-8211-22EBC6629F62}.Debug|Any CPU.ActiveCfg = Debug|Any CPU
		{C9508B32-6866-45B3-8211-22EBC6629F62}.Debug|Any CPU.Build.0 = Debug|Any CPU
		{C9508B32-6866-45B3-8211-22EBC6629F62}.Release|Any CPU.ActiveCfg = Release|Any CPU
		{C9508B32-6866-45B3-8211-22EBC6629F62}.Release|Any CPU.Build.0 = Release|Any CPU
		{C235C1B0-B26B-4200-80BF-23A829F7816C}.Debug|Any CPU.ActiveCfg = Debug|Any CPU
		{C235C1B0-B26B-4200-80BF-23A829F7816C}.Debug|Any CPU.Build.0 = Debug|Any CPU
		{C235C1B0-B26B-4200-80BF-23A829F7816C}.Release|Any CPU.ActiveCfg = Release|Any CPU
		{C235C1B0-B26B-4200-80BF-23A829F7816C}.Release|Any CPU.Build.0 = Release|Any CPU
		{6271BB3D-786A-4C72-A8E9-0A443AD9FDB0}.Debug|Any CPU.ActiveCfg = Debug|Any CPU
		{6271BB3D-786A-4C72-A8E9-0A443AD9FDB0}.Debug|Any CPU.Build.0 = Debug|Any CPU
		{6271BB3D-786A-4C72-A8E9-0A443AD9FDB0}.Release|Any CPU.ActiveCfg = Release|Any CPU
		{6271BB3D-786A-4C72-A8E9-0A443AD9FDB0}.Release|Any CPU.Build.0 = Release|Any CPU
		{84E46FCD-89D6-46D7-8212-0776902A0AB0}.Debug|Any CPU.ActiveCfg = Debug|Any CPU
		{84E46FCD-89D6-46D7-8212-0776902A0AB0}.Debug|Any CPU.Build.0 = Debug|Any CPU
		{84E46FCD-89D6-46D7-8212-0776902A0AB0}.Release|Any CPU.ActiveCfg = Release|Any CPU
		{84E46FCD-89D6-46D7-8212-0776902A0AB0}.Release|Any CPU.Build.0 = Release|Any CPU
		{124AED19-834C-4A77-9987-9F6649298F53}.Debug|Any CPU.ActiveCfg = Debug|Any CPU
		{124AED19-834C-4A77-9987-9F6649298F53}.Debug|Any CPU.Build.0 = Debug|Any CPU
		{124AED19-834C-4A77-9987-9F6649298F53}.Release|Any CPU.ActiveCfg = Release|Any CPU
		{124AED19-834C-4A77-9987-9F6649298F53}.Release|Any CPU.Build.0 = Release|Any CPU
		{01799860-3285-4519-A9D0-14BE6CDF7634}.Debug|Any CPU.ActiveCfg = Debug|Any CPU
		{01799860-3285-4519-A9D0-14BE6CDF7634}.Debug|Any CPU.Build.0 = Debug|Any CPU
		{01799860-3285-4519-A9D0-14BE6CDF7634}.Release|Any CPU.ActiveCfg = Release|Any CPU
		{01799860-3285-4519-A9D0-14BE6CDF7634}.Release|Any CPU.Build.0 = Release|Any CPU
		{D6358760-E89E-4040-BA6B-796A07958B85}.Debug|Any CPU.ActiveCfg = Debug|Any CPU
		{D6358760-E89E-4040-BA6B-796A07958B85}.Debug|Any CPU.Build.0 = Debug|Any CPU
		{D6358760-E89E-4040-BA6B-796A07958B85}.Release|Any CPU.ActiveCfg = Release|Any CPU
		{D6358760-E89E-4040-BA6B-796A07958B85}.Release|Any CPU.Build.0 = Release|Any CPU
		{7A1F80D9-A40B-45E6-8A5B-030A590AC376}.Debug|Any CPU.ActiveCfg = Debug|Any CPU
		{7A1F80D9-A40B-45E6-8A5B-030A590AC376}.Debug|Any CPU.Build.0 = Debug|Any CPU
		{7A1F80D9-A40B-45E6-8A5B-030A590AC376}.Release|Any CPU.ActiveCfg = Release|Any CPU
		{7A1F80D9-A40B-45E6-8A5B-030A590AC376}.Release|Any CPU.Build.0 = Release|Any CPU
		{18EB6683-512B-4744-A1D5-1F40DF3D29A9}.Debug|Any CPU.ActiveCfg = Debug|Any CPU
		{18EB6683-512B-4744-A1D5-1F40DF3D29A9}.Debug|Any CPU.Build.0 = Debug|Any CPU
		{18EB6683-512B-4744-A1D5-1F40DF3D29A9}.Release|Any CPU.ActiveCfg = Release|Any CPU
		{18EB6683-512B-4744-A1D5-1F40DF3D29A9}.Release|Any CPU.Build.0 = Release|Any CPU
		{619214A5-2876-4227-B5CC-BFFA26E39663}.Debug|Any CPU.ActiveCfg = Debug|Any CPU
		{619214A5-2876-4227-B5CC-BFFA26E39663}.Debug|Any CPU.Build.0 = Debug|Any CPU
		{619214A5-2876-4227-B5CC-BFFA26E39663}.Release|Any CPU.ActiveCfg = Release|Any CPU
		{619214A5-2876-4227-B5CC-BFFA26E39663}.Release|Any CPU.Build.0 = Release|Any CPU
		{BC50DA5C-B722-471A-9A94-A122B4298161}.Debug|Any CPU.ActiveCfg = Debug|Any CPU
		{BC50DA5C-B722-471A-9A94-A122B4298161}.Debug|Any CPU.Build.0 = Debug|Any CPU
		{BC50DA5C-B722-471A-9A94-A122B4298161}.Release|Any CPU.ActiveCfg = Release|Any CPU
		{BC50DA5C-B722-471A-9A94-A122B4298161}.Release|Any CPU.Build.0 = Release|Any CPU
		{BCBAF875-8991-4D3F-AF6B-9153F6432875}.Debug|Any CPU.ActiveCfg = Debug|Any CPU
		{BCBAF875-8991-4D3F-AF6B-9153F6432875}.Debug|Any CPU.Build.0 = Debug|Any CPU
		{BCBAF875-8991-4D3F-AF6B-9153F6432875}.Release|Any CPU.ActiveCfg = Release|Any CPU
		{BCBAF875-8991-4D3F-AF6B-9153F6432875}.Release|Any CPU.Build.0 = Release|Any CPU
	EndGlobalSection
	GlobalSection(SolutionProperties) = preSolution
		HideSolutionNode = FALSE
	EndGlobalSection
	GlobalSection(ExtensibilityGlobals) = postSolution
		SolutionGuid = {CD481C33-11C7-43DE-8247-86F27EF9EBA5}
	EndGlobalSection
EndGlobal
